
Microsoft Visual Studio Solution File, Format Version 12.00
# Visual Studio Version 16
VisualStudioVersion = 25.0.1706.0
MinimumVisualStudioVersion = 10.0.40219.1
Project("{FAE04EC0-301F-11D3-BF4B-00C04F79EFBC}") = "Haffman", "Haffman.csproj", "{422F336C-049A-49F1-A27A-0A51F9E5DA78}"
EndProject
Global
	GlobalSection(SolutionConfigurationPlatforms) = preSolution
		Debug|Any CPU = Debug|Any CPU
		Release|Any CPU = Release|Any CPU
	EndGlobalSection
	GlobalSection(ProjectConfigurationPlatforms) = postSolution
		{422F336C-049A-49F1-A27A-0A51F9E5DA78}.Debug|Any CPU.ActiveCfg = Debug|Any CPU
		{422F336C-049A-49F1-A27A-0A51F9E5DA78}.Debug|Any CPU.Build.0 = Debug|Any CPU
		{422F336C-049A-49F1-A27A-0A51F9E5DA78}.Release|Any CPU.ActiveCfg = Release|Any CPU
		{422F336C-049A-49F1-A27A-0A51F9E5DA78}.Release|Any CPU.Build.0 = Release|Any CPU
	EndGlobalSection
	GlobalSection(SolutionProperties) = preSolution
		HideSolutionNode = FALSE
	EndGlobalSection
	GlobalSection(ExtensibilityGlobals) = postSolution
		SolutionGuid = {F44A00C4-3BEF-4F09-9846-7915FEE63670}
	EndGlobalSection
EndGlobal
